
Microsoft Visual Studio Solution File, Format Version 12.00
# Visual Studio 14
VisualStudioVersion = 14.0.25123.0
MinimumVisualStudioVersion = 10.0.40219.1
Project("{FAE04EC0-301F-11D3-BF4B-00C04F79EFBC}") = "MinAbsSum", "MinAbsSum\MinAbsSum.csproj", "{D59AEE97-3ABC-4645-BD86-3F65D2BF117E}"
EndProject
Project("{FAE04EC0-301F-11D3-BF4B-00C04F79EFBC}") = "MinAbsSum.Tests", "MinAbsSum.Tests\MinAbsSum.Tests.csproj", "{23604DAA-94DB-444A-A926-FBDAD64EA7A4}"
EndProject
Global
	GlobalSection(SolutionConfigurationPlatforms) = preSolution
		Debug|Any CPU = Debug|Any CPU
		Release|Any CPU = Release|Any CPU
	EndGlobalSection
	GlobalSection(ProjectConfigurationPlatforms) = postSolution
		{D59AEE97-3ABC-4645-BD86-3F65D2BF117E}.Debug|Any CPU.ActiveCfg = Debug|Any CPU
		{D59AEE97-3ABC-4645-BD86-3F65D2BF117E}.Debug|Any CPU.Build.0 = Debug|Any CPU
		{D59AEE97-3ABC-4645-BD86-3F65D2BF117E}.Release|Any CPU.ActiveCfg = Release|Any CPU
		{D59AEE97-3ABC-4645-BD86-3F65D2BF117E}.Release|Any CPU.Build.0 = Release|Any CPU
		{23604DAA-94DB-444A-A926-FBDAD64EA7A4}.Debug|Any CPU.ActiveCfg = Debug|Any CPU
		{23604DAA-94DB-444A-A926-FBDAD64EA7A4}.Debug|Any CPU.Build.0 = Debug|Any CPU
		{23604DAA-94DB-444A-A926-FBDAD64EA7A4}.Release|Any CPU.ActiveCfg = Release|Any CPU
		{23604DAA-94DB-444A-A926-FBDAD64EA7A4}.Release|Any CPU.Build.0 = Release|Any CPU
	EndGlobalSection
	GlobalSection(SolutionProperties) = preSolution
		HideSolutionNode = FALSE
	EndGlobalSection
EndGlobal
